
Microsoft Visual Studio Solution File, Format Version 12.00
# Visual Studio 15
VisualStudioVersion = 15.0.27703.2035
MinimumVisualStudioVersion = 10.0.40219.1
Project("{FAE04EC0-301F-11D3-BF4B-00C04F79EFBC}") = "Anagrammer", "Anagrammer\Anagrammer.csproj", "{305393E3-793C-4F3B-84A0-A987F71BD98E}"
EndProject
Project("{2150E333-8FDC-42A3-9474-1A3956D46DE8}") = "Solution Items", "Solution Items", "{56B45C10-C4C9-49BC-8DFA-5F35CD8BED6A}"
	ProjectSection(SolutionItems) = preProject
		README.md = README.md
	EndProjectSection
EndProject
Project("{FAE04EC0-301F-11D3-BF4B-00C04F79EFBC}") = "Anagrammer.Test", "Anagrammer.Test\Anagrammer.Test.csproj", "{F9CFF06E-C0CE-4B6E-A4CE-9D8E5E8A718E}"
EndProject
Global
	GlobalSection(SolutionConfigurationPlatforms) = preSolution
		Debug|Any CPU = Debug|Any CPU
		Release|Any CPU = Release|Any CPU
	EndGlobalSection
	GlobalSection(ProjectConfigurationPlatforms) = postSolution
		{305393E3-793C-4F3B-84A0-A987F71BD98E}.Debug|Any CPU.ActiveCfg = Debug|Any CPU
		{305393E3-793C-4F3B-84A0-A987F71BD98E}.Debug|Any CPU.Build.0 = Debug|Any CPU
		{305393E3-793C-4F3B-84A0-A987F71BD98E}.Release|Any CPU.ActiveCfg = Release|Any CPU
		{305393E3-793C-4F3B-84A0-A987F71BD98E}.Release|Any CPU.Build.0 = Release|Any CPU
		{F9CFF06E-C0CE-4B6E-A4CE-9D8E5E8A718E}.Debug|Any CPU.ActiveCfg = Debug|Any CPU
		{F9CFF06E-C0CE-4B6E-A4CE-9D8E5E8A718E}.Debug|Any CPU.Build.0 = Debug|Any CPU
		{F9CFF06E-C0CE-4B6E-A4CE-9D8E5E8A718E}.Release|Any CPU.ActiveCfg = Release|Any CPU
		{F9CFF06E-C0CE-4B6E-A4CE-9D8E5E8A718E}.Release|Any CPU.Build.0 = Release|Any CPU
	EndGlobalSection
	GlobalSection(SolutionProperties) = preSolution
		HideSolutionNode = FALSE
	EndGlobalSection
	GlobalSection(ExtensibilityGlobals) = postSolution
		SolutionGuid = {14F909C0-CDEB-4C41-BC5D-B0B9CC5F29D8}
	EndGlobalSection
EndGlobal
